Microsoft Visual Studio Solution File, Format Version 12.00
# Visual Studio 15
VisualStudioVersion = 15.0.26124.0
MinimumVisualStudioVersion = 15.0.26124.0
Project("{9A19103F-16F7-4668-BE54-9A1E7A4F7556}") = "CrytpoExchangeTxnFormatter.Application", "CrytpoExchangeTxnFormatter.Application\CrytpoExchangeTxnFormatter.Application.csproj", "{FE71E977-9BC9-44A6-B286-866B6D2FE9CA}"
EndProject
Project("{FAE04EC0-301F-11D3-BF4B-00C04F79EFBC}") = "CryptoExchangeTxnFormatter.Tests", "CryptoExchangeTxnFormatter.Tests\CryptoExchangeTxnFormatter.Tests.csproj", "{7842C95E-6893-4640-A5BA-86A8D40E8E07}"
EndProject
Global
	GlobalSection(SolutionConfigurationPlatforms) = preSolution
		Debug|Any CPU = Debug|Any CPU
		Debug|x64 = Debug|x64
		Debug|x86 = Debug|x86
		Release|Any CPU = Release|Any CPU
		Release|x64 = Release|x64
		Release|x86 = Release|x86
	EndGlobalSection
	GlobalSection(ProjectConfigurationPlatforms) = postSolution
		{FE71E977-9BC9-44A6-B286-866B6D2FE9CA}.Debug|Any CPU.ActiveCfg = Debug|Any CPU
		{FE71E977-9BC9-44A6-B286-866B6D2FE9CA}.Debug|Any CPU.Build.0 = Debug|Any CPU
		{FE71E977-9BC9-44A6-B286-866B6D2FE9CA}.Debug|x64.ActiveCfg = Debug|Any CPU
		{FE71E977-9BC9-44A6-B286-866B6D2FE9CA}.Debug|x64.Build.0 = Debug|Any CPU
		{FE71E977-9BC9-44A6-B286-866B6D2FE9CA}.Debug|x86.ActiveCfg = Debug|Any CPU
		{FE71E977-9BC9-44A6-B286-866B6D2FE9CA}.Debug|x86.Build.0 = Debug|Any CPU
		{FE71E977-9BC9-44A6-B286-866B6D2FE9CA}.Release|Any CPU.ActiveCfg = Release|Any CPU
		{FE71E977-9BC9-44A6-B286-866B6D2FE9CA}.Release|Any CPU.Build.0 = Release|Any CPU
		{FE71E977-9BC9-44A6-B286-866B6D2FE9CA}.Release|x64.ActiveCfg = Release|Any CPU
		{FE71E977-9BC9-44A6-B286-866B6D2FE9CA}.Release|x64.Build.0 = Release|Any CPU
		{FE71E977-9BC9-44A6-B286-866B6D2FE9CA}.Release|x86.ActiveCfg = Release|Any CPU
		{FE71E977-9BC9-44A6-B286-866B6D2FE9CA}.Release|x86.Build.0 = Release|Any CPU
		{7842C95E-6893-4640-A5BA-86A8D40E8E07}.Debug|Any CPU.ActiveCfg = Debug|Any CPU
		{7842C95E-6893-4640-A5BA-86A8D40E8E07}.Debug|Any CPU.Build.0 = Debug|Any CPU
		{7842C95E-6893-4640-A5BA-86A8D40E8E07}.Debug|x64.ActiveCfg = Debug|Any CPU
		{7842C95E-6893-4640-A5BA-86A8D40E8E07}.Debug|x64.Build.0 = Debug|Any CPU
		{7842C95E-6893-4640-A5BA-86A8D40E8E07}.Debug|x86.ActiveCfg = Debug|Any CPU
		{7842C95E-6893-4640-A5BA-86A8D40E8E07}.Debug|x86.Build.0 = Debug|Any CPU
		{7842C95E-6893-4640-A5BA-86A8D40E8E07}.Release|Any CPU.ActiveCfg = Release|Any CPU
		{7842C95E-6893-4640-A5BA-86A8D40E8E07}.Release|Any CPU.Build.0 = Release|Any CPU
		{7842C95E-6893-4640-A5BA-86A8D40E8E07}.Release|x64.ActiveCfg = Release|Any CPU
		{7842C95E-6893-4640-A5BA-86A8D40E8E07}.Release|x64.Build.0 = Release|Any CPU
		{7842C95E-6893-4640-A5BA-86A8D40E8E07}.Release|x86.ActiveCfg = Release|Any CPU
		{7842C95E-6893-4640-A5BA-86A8D40E8E07}.Release|x86.Build.0 = Release|Any CPU
	EndGlobalSection
	GlobalSection(SolutionProperties) = preSolution
		HideSolutionNode = FALSE
	EndGlobalSection
	GlobalSection(ExtensibilityGlobals) = postSolution
		SolutionGuid = {C01AD03C-7A89-4F8D-B296-25884E74F5AF}
	EndGlobalSection
EndGlobal
